# This file is automatically @generated by Poetry 1.8.3 and should not be changed by hand.

[[package]]
name = "polars"
version = "0.20.25"
description = "Blazingly fast DataFrame library"
optional = false
python-versions = ">=3.8"
files = [
    {file = "polars-0.20.25-cp38-abi3-macosx_10_12_x86_64.whl", hash = "sha256:126e3b7d9394e4b23b4cc48919b7188203feeeb35d861ad808f281eaa06d76e2"},
    {file = "polars-0.20.25-cp38-abi3-macosx_11_0_arm64.whl", hash = "sha256:3bda62b681726538714a1159638ab7c9eeca6b8633fd778d84810c3e13b9c7e3"},
    {file = "polars-0.20.25-cp38-abi3-manylinux_2_17_x86_64.manylinux2014_x86_64.whl", hash = "sha256:62c8826e81c759f07bf5c0ae00f57a537644ae05fe68737185666b8ad8430664"},
    {file = "polars-0.20.25-cp38-abi3-manylinux_2_24_aarch64.whl", hash = "sha256:0fb5e7a4a9831fba742f1c706e01656607089b6362a5e6f8d579b134a99795ce"},
    {file = "polars-0.20.25-cp38-abi3-win_amd64.whl", hash = "sha256:9eaeb9080c853e11b207d191025e0ba8fd59ea06a36c22d410a48f2f124e18cd"},
    {file = "polars-0.20.25.tar.gz", hash = "sha256:4308d63f956874bac9ae040bdd6d62b2992d0b1e1349301bc7a3b59458189108"},
]

[package.extras]
adbc = ["adbc-driver-manager", "adbc-driver-sqlite"]
all = ["polars[adbc,async,cloudpickle,connectorx,deltalake,fastexcel,fsspec,gevent,numpy,pandas,plot,pyarrow,pydantic,pyiceberg,sqlalchemy,timezone,torch,xlsx2csv,xlsxwriter]"]
async = ["nest-asyncio"]
cloudpickle = ["cloudpickle"]
connectorx = ["connectorx (>=0.3.2)"]
deltalake = ["deltalake (>=0.15.0)"]
fastexcel = ["fastexcel (>=0.9)"]
fsspec = ["fsspec"]
gevent = ["gevent"]
matplotlib = ["matplotlib"]
numpy = ["numpy (>=1.16.0)"]
openpyxl = ["openpyxl (>=3.0.0)"]
pandas = ["pandas", "pyarrow (>=7.0.0)"]
plot = ["hvplot (>=0.9.1)"]
pyarrow = ["pyarrow (>=7.0.0)"]
pydantic = ["pydantic"]
pyiceberg = ["pyiceberg (>=0.5.0)"]
pyxlsb = ["pyxlsb (>=1.0)"]
sqlalchemy = ["pandas", "sqlalchemy"]
timezone = ["backports-zoneinfo", "tzdata"]
torch = ["torch"]
xlsx2csv = ["xlsx2csv (>=0.8.0)"]
xlsxwriter = ["xlsxwriter"]

[metadata]
lock-version = "2.0"
python-versions = "^3.11"
content-hash = "3a7c3075e0254112174e8b3217c443a88e48041ce1c3e37bac664d5cd343bb7c"
